
Microsoft Visual Studio Solution File, Format Version 12.00
# Visual Studio Version 17
VisualStudioVersion = 17.0.31903.59
MinimumVisualStudioVersion = 10.0.40219.1
Project("{2150E333-8FDC-42A3-9474-1A3956D46DE8}") = "src", "src", "{CC045423-814B-40D9-B087-5AC3C8848B09}"
	ProjectSection(SolutionItems) = preProject
		src\Directory.Build.props = src\Directory.Build.props
	EndProjectSection
EndProject
Project("{2150E333-8FDC-42A3-9474-1A3956D46DE8}") = "tests", "tests", "{9C8C12F5-F67A-4319-94FC-281A1EEFF1B4}"
	ProjectSection(SolutionItems) = preProject
		tests\Directory.Build.props = tests\Directory.Build.props
		tests\.editorconfig = tests\.editorconfig
		tests\xunit.runner.json = tests\xunit.runner.json
	EndProjectSection
EndProject
Project("{FAE04EC0-301F-11D3-BF4B-00C04F79EFBC}") = "APIWeaver.OpenApi", "src\APIWeaver.OpenApi\APIWeaver.OpenApi.csproj", "{184B6D75-E412-4F4C-9E98-6128320636C8}"
EndProject
Project("{FAE04EC0-301F-11D3-BF4B-00C04F79EFBC}") = "APIWeaver.OpenApi.Tests", "tests\APIWeaver.OpenApi.Tests\APIWeaver.OpenApi.Tests.csproj", "{05883931-C88D-4196-AAE9-4EA55EF00829}"
EndProject
Project("{2150E333-8FDC-42A3-9474-1A3956D46DE8}") = "demo", "demo", "{BBD49ECA-CB62-4820-B425-296EFCFE7EC2}"
	ProjectSection(SolutionItems) = preProject
		demo\Directory.Build.props = demo\Directory.Build.props
	EndProjectSection
EndProject
Project("{FAE04EC0-301F-11D3-BF4B-00C04F79EFBC}") = "APIWeaver.MinimalApi.Demo", "demo\APIWeaver.MinimalApi.Demo\APIWeaver.MinimalApi.Demo.csproj", "{6688140D-3DBB-422E-B199-4F1FCAB00059}"
EndProject
Project("{FAE04EC0-301F-11D3-BF4B-00C04F79EFBC}") = "APIWeaver.Swagger", "src\APIWeaver.Swagger\APIWeaver.Swagger.csproj", "{8BA6D753-69C7-4E08-9659-28563A2FBBFB}"
EndProject
Project("{FAE04EC0-301F-11D3-BF4B-00C04F79EFBC}") = "APIWeaver.Swagger.Tests", "tests\APIWeaver.Swagger.Tests\APIWeaver.Swagger.Tests.csproj", "{75846F2E-D298-4175-BFB7-1C44C241F4E9}"
EndProject
Project("{2150E333-8FDC-42A3-9474-1A3956D46DE8}") = "apis", "apis", "{DDE3C770-5DDB-4650-8B68-D753730D3B1B}"
	ProjectSection(SolutionItems) = preProject
		tests\apis\Directory.Build.props = tests\apis\Directory.Build.props
	EndProjectSection
EndProject
Project("{FAE04EC0-301F-11D3-BF4B-00C04F79EFBC}") = "APIWeaver.Swagger.Api", "tests\apis\APIWeaver.Swagger.Api\APIWeaver.Swagger.Api.csproj", "{B95DF0A8-54E8-44B8-8416-9D62C3C3E954}"
EndProject
Project("{FAE04EC0-301F-11D3-BF4B-00C04F79EFBC}") = "APIWeaver.Schema", "src\APIWeaver.Schema\APIWeaver.Schema.csproj", "{E7984755-8298-4C2B-A871-40DA7FEA69EB}"
EndProject
Project("{FAE04EC0-301F-11D3-BF4B-00C04F79EFBC}") = "APIWeaver.Schema.Tests", "tests\APIWeaver.Schema.Tests\APIWeaver.Schema.Tests.csproj", "{6FE1BA27-4915-4384-816D-C506DFFCDE8A}"
EndProject
Project("{FAE04EC0-301F-11D3-BF4B-00C04F79EFBC}") = "APIWeaver.OpenApi.MinimalApi", "tests\apis\APIWeaver.OpenApi.MinimalApi\APIWeaver.OpenApi.MinimalApi.csproj", "{24AA7F01-C90F-4F2C-918C-82F29F8652CD}"
EndProject
Project("{FAE04EC0-301F-11D3-BF4B-00C04F79EFBC}") = "APIWeaver.Core", "src\APIWeaver.Core\APIWeaver.Core.csproj", "{9DE203CF-F93E-4DA1-9AD2-4037970671D4}"
EndProject
Project("{FAE04EC0-301F-11D3-BF4B-00C04F79EFBC}") = "APIWeaver.Core.Tests", "tests\APIWeaver.Core.Tests\APIWeaver.Core.Tests.csproj", "{2A019294-F9A1-4E3D-9677-1F26C2F532D8}"
EndProject
Project("{FAE04EC0-301F-11D3-BF4B-00C04F79EFBC}") = "APIWeaver.ControllerApi.Demo", "demo\APIWeaver.ControllerApi.Demo\APIWeaver.ControllerApi.Demo.csproj", "{CED28A60-261E-4E23-8066-0F4166712451}"
EndProject
Global
	GlobalSection(SolutionConfigurationPlatforms) = preSolution
		Debug|Any CPU = Debug|Any CPU
		Release|Any CPU = Release|Any CPU
	EndGlobalSection
	GlobalSection(SolutionProperties) = preSolution
		HideSolutionNode = FALSE
	EndGlobalSection
	GlobalSection(NestedProjects) = preSolution
		{184B6D75-E412-4F4C-9E98-6128320636C8} = {CC045423-814B-40D9-B087-5AC3C8848B09}
		{05883931-C88D-4196-AAE9-4EA55EF00829} = {9C8C12F5-F67A-4319-94FC-281A1EEFF1B4}
		{6688140D-3DBB-422E-B199-4F1FCAB00059} = {BBD49ECA-CB62-4820-B425-296EFCFE7EC2}
		{8BA6D753-69C7-4E08-9659-28563A2FBBFB} = {CC045423-814B-40D9-B087-5AC3C8848B09}
		{75846F2E-D298-4175-BFB7-1C44C241F4E9} = {9C8C12F5-F67A-4319-94FC-281A1EEFF1B4}
		{DDE3C770-5DDB-4650-8B68-D753730D3B1B} = {9C8C12F5-F67A-4319-94FC-281A1EEFF1B4}
		{B95DF0A8-54E8-44B8-8416-9D62C3C3E954} = {DDE3C770-5DDB-4650-8B68-D753730D3B1B}
		{E7984755-8298-4C2B-A871-40DA7FEA69EB} = {CC045423-814B-40D9-B087-5AC3C8848B09}
		{6FE1BA27-4915-4384-816D-C506DFFCDE8A} = {9C8C12F5-F67A-4319-94FC-281A1EEFF1B4}
		{24AA7F01-C90F-4F2C-918C-82F29F8652CD} = {DDE3C770-5DDB-4650-8B68-D753730D3B1B}
		{9DE203CF-F93E-4DA1-9AD2-4037970671D4} = {CC045423-814B-40D9-B087-5AC3C8848B09}
		{2A019294-F9A1-4E3D-9677-1F26C2F532D8} = {9C8C12F5-F67A-4319-94FC-281A1EEFF1B4}
		{CED28A60-261E-4E23-8066-0F4166712451} = {BBD49ECA-CB62-4820-B425-296EFCFE7EC2}
	EndGlobalSection
	GlobalSection(ProjectConfigurationPlatforms) = postSolution
		{184B6D75-E412-4F4C-9E98-6128320636C8}.Debug|Any CPU.ActiveCfg = Debug|Any CPU
		{184B6D75-E412-4F4C-9E98-6128320636C8}.Debug|Any CPU.Build.0 = Debug|Any CPU
		{184B6D75-E412-4F4C-9E98-6128320636C8}.Release|Any CPU.ActiveCfg = Release|Any CPU
		{184B6D75-E412-4F4C-9E98-6128320636C8}.Release|Any CPU.Build.0 = Release|Any CPU
		{05883931-C88D-4196-AAE9-4EA55EF00829}.Debug|Any CPU.ActiveCfg = Debug|Any CPU
		{05883931-C88D-4196-AAE9-4EA55EF00829}.Debug|Any CPU.Build.0 = Debug|Any CPU
		{05883931-C88D-4196-AAE9-4EA55EF00829}.Release|Any CPU.ActiveCfg = Release|Any CPU
		{05883931-C88D-4196-AAE9-4EA55EF00829}.Release|Any CPU.Build.0 = Release|Any CPU
		{6688140D-3DBB-422E-B199-4F1FCAB00059}.Debug|Any CPU.ActiveCfg = Debug|Any CPU
		{6688140D-3DBB-422E-B199-4F1FCAB00059}.Debug|Any CPU.Build.0 = Debug|Any CPU
		{6688140D-3DBB-422E-B199-4F1FCAB00059}.Release|Any CPU.ActiveCfg = Release|Any CPU
		{6688140D-3DBB-422E-B199-4F1FCAB00059}.Release|Any CPU.Build.0 = Release|Any CPU
		{8BA6D753-69C7-4E08-9659-28563A2FBBFB}.Debug|Any CPU.ActiveCfg = Debug|Any CPU
		{8BA6D753-69C7-4E08-9659-28563A2FBBFB}.Debug|Any CPU.Build.0 = Debug|Any CPU
		{8BA6D753-69C7-4E08-9659-28563A2FBBFB}.Release|Any CPU.ActiveCfg = Release|Any CPU
		{8BA6D753-69C7-4E08-9659-28563A2FBBFB}.Release|Any CPU.Build.0 = Release|Any CPU
		{75846F2E-D298-4175-BFB7-1C44C241F4E9}.Debug|Any CPU.ActiveCfg = Debug|Any CPU
		{75846F2E-D298-4175-BFB7-1C44C241F4E9}.Debug|Any CPU.Build.0 = Debug|Any CPU
		{75846F2E-D298-4175-BFB7-1C44C241F4E9}.Release|Any CPU.ActiveCfg = Release|Any CPU
		{75846F2E-D298-4175-BFB7-1C44C241F4E9}.Release|Any CPU.Build.0 = Release|Any CPU
		{B95DF0A8-54E8-44B8-8416-9D62C3C3E954}.Debug|Any CPU.ActiveCfg = Debug|Any CPU
		{B95DF0A8-54E8-44B8-8416-9D62C3C3E954}.Debug|Any CPU.Build.0 = Debug|Any CPU
		{B95DF0A8-54E8-44B8-8416-9D62C3C3E954}.Release|Any CPU.ActiveCfg = Release|Any CPU
		{B95DF0A8-54E8-44B8-8416-9D62C3C3E954}.Release|Any CPU.Build.0 = Release|Any CPU
		{E7984755-8298-4C2B-A871-40DA7FEA69EB}.Debug|Any CPU.ActiveCfg = Debug|Any CPU
		{E7984755-8298-4C2B-A871-40DA7FEA69EB}.Debug|Any CPU.Build.0 = Debug|Any CPU
		{E7984755-8298-4C2B-A871-40DA7FEA69EB}.Release|Any CPU.ActiveCfg = Release|Any CPU
		{E7984755-8298-4C2B-A871-40DA7FEA69EB}.Release|Any CPU.Build.0 = Release|Any CPU
		{6FE1BA27-4915-4384-816D-C506DFFCDE8A}.Debug|Any CPU.ActiveCfg = Debug|Any CPU
		{6FE1BA27-4915-4384-816D-C506DFFCDE8A}.Debug|Any CPU.Build.0 = Debug|Any CPU
		{6FE1BA27-4915-4384-816D-C506DFFCDE8A}.Release|Any CPU.ActiveCfg = Release|Any CPU
		{6FE1BA27-4915-4384-816D-C506DFFCDE8A}.Release|Any CPU.Build.0 = Release|Any CPU
		{24AA7F01-C90F-4F2C-918C-82F29F8652CD}.Debug|Any CPU.ActiveCfg = Debug|Any CPU
		{24AA7F01-C90F-4F2C-918C-82F29F8652CD}.Debug|Any CPU.Build.0 = Debug|Any CPU
		{24AA7F01-C90F-4F2C-918C-82F29F8652CD}.Release|Any CPU.ActiveCfg = Release|Any CPU
		{24AA7F01-C90F-4F2C-918C-82F29F8652CD}.Release|Any CPU.Build.0 = Release|Any CPU
		{9DE203CF-F93E-4DA1-9AD2-4037970671D4}.Debug|Any CPU.ActiveCfg = Debug|Any CPU
		{9DE203CF-F93E-4DA1-9AD2-4037970671D4}.Debug|Any CPU.Build.0 = Debug|Any CPU
		{9DE203CF-F93E-4DA1-9AD2-4037970671D4}.Release|Any CPU.ActiveCfg = Release|Any CPU
		{9DE203CF-F93E-4DA1-9AD2-4037970671D4}.Release|Any CPU.Build.0 = Release|Any CPU
		{2A019294-F9A1-4E3D-9677-1F26C2F532D8}.Debug|Any CPU.ActiveCfg = Debug|Any CPU
		{2A019294-F9A1-4E3D-9677-1F26C2F532D8}.Debug|Any CPU.Build.0 = Debug|Any CPU
		{2A019294-F9A1-4E3D-9677-1F26C2F532D8}.Release|Any CPU.ActiveCfg = Release|Any CPU
		{2A019294-F9A1-4E3D-9677-1F26C2F532D8}.Release|Any CPU.Build.0 = Release|Any CPU
		{CED28A60-261E-4E23-8066-0F4166712451}.Debug|Any CPU.ActiveCfg = Debug|Any CPU
		{CED28A60-261E-4E23-8066-0F4166712451}.Debug|Any CPU.Build.0 = Debug|Any CPU
		{CED28A60-261E-4E23-8066-0F4166712451}.Release|Any CPU.ActiveCfg = Release|Any CPU
		{CED28A60-261E-4E23-8066-0F4166712451}.Release|Any CPU.Build.0 = Release|Any CPU
	EndGlobalSection
EndGlobal
