
Microsoft Visual Studio Solution File, Format Version 12.00
# Visual Studio Version 17
VisualStudioVersion = 17.0.31903.59
MinimumVisualStudioVersion = 10.0.40219.1
Project("{2150E333-8FDC-42A3-9474-1A3956D46DE8}") = "src", "src", "{CC045423-814B-40D9-B087-5AC3C8848B09}"
	ProjectSection(SolutionItems) = preProject
		src\Directory.Build.props = src\Directory.Build.props
	EndProjectSection
EndProject
Project("{2150E333-8FDC-42A3-9474-1A3956D46DE8}") = "tests", "tests", "{9C8C12F5-F67A-4319-94FC-281A1EEFF1B4}"
	ProjectSection(SolutionItems) = preProject
		tests\Directory.Build.props = tests\Directory.Build.props
		tests\.editorconfig = tests\.editorconfig
		tests\xunit.runner.json = tests\xunit.runner.json
	EndProjectSection
EndProject
Project("{2150E333-8FDC-42A3-9474-1A3956D46DE8}") = "demo", "demo", "{BBD49ECA-CB62-4820-B425-296EFCFE7EC2}"
	ProjectSection(SolutionItems) = preProject
		demo\Directory.Build.props = demo\Directory.Build.props
	EndProjectSection
EndProject
Project("{FAE04EC0-301F-11D3-BF4B-00C04F79EFBC}") = "APIWeaver.Demo.Minimal", "demo\APIWeaver.Demo.Minimal\APIWeaver.Demo.Minimal.csproj", "{6688140D-3DBB-422E-B199-4F1FCAB00059}"
EndProject
Project("{2150E333-8FDC-42A3-9474-1A3956D46DE8}") = "apis", "apis", "{DDE3C770-5DDB-4650-8B68-D753730D3B1B}"
	ProjectSection(SolutionItems) = preProject
		tests\apis\Directory.Build.props = tests\apis\Directory.Build.props
	EndProjectSection
EndProject
Project("{FAE04EC0-301F-11D3-BF4B-00C04F79EFBC}") = "APIWeaver.Demo.Controller", "demo\APIWeaver.Demo.Controller\APIWeaver.Demo.Controller.csproj", "{CED28A60-261E-4E23-8066-0F4166712451}"
EndProject
Project("{FAE04EC0-301F-11D3-BF4B-00C04F79EFBC}") = "APIWeaver.OpenApi", "src\APIWeaver.OpenApi\APIWeaver.OpenApi.csproj", "{D77BB546-2BDC-4FB1-96C7-8997F82DBF0E}"
EndProject
Project("{FAE04EC0-301F-11D3-BF4B-00C04F79EFBC}") = "APIWeaver", "src\APIWeaver\APIWeaver.csproj", "{F141B23F-63A9-48E6-A450-965FF1E08F0D}"
EndProject
Project("{FAE04EC0-301F-11D3-BF4B-00C04F79EFBC}") = "APIWeaver.Demo.Shared", "demo\APIWeaver.Demo.Shared\APIWeaver.Demo.Shared.csproj", "{D2027918-2870-4149-83E5-DC99839C6E62}"
EndProject
Project("{FAE04EC0-301F-11D3-BF4B-00C04F79EFBC}") = "APIWeaver.OpenApi.Tests", "tests\APIWeaver.OpenApi.Tests\APIWeaver.OpenApi.Tests.csproj", "{6CF594A7-8617-4A8B-94E6-DED02025824B}"
EndProject
Project("{FAE04EC0-301F-11D3-BF4B-00C04F79EFBC}") = "APIWeaver.OpenApi.TestApi", "tests\apis\APIWeaver.OpenApi.TestApi\APIWeaver.OpenApi.TestApi.csproj", "{25D32F58-BAF2-48C9-B17A-541ABF56E4BA}"
EndProject
Project("{FAE04EC0-301F-11D3-BF4B-00C04F79EFBC}") = "APIWeaver.Generator", "src\APIWeaver.Generator\APIWeaver.Generator.csproj", "{4FF67A69-0659-4E9B-B90B-18B1E1AAA133}"
EndProject
Project("{FAE04EC0-301F-11D3-BF4B-00C04F79EFBC}") = "APIWeaver.MsBuild", "src\APIWeaver.MsBuild\APIWeaver.MsBuild.csproj", "{E4DA3E4B-FD88-4D82-AD9B-CF11BCF30431}"
EndProject
Project("{FAE04EC0-301F-11D3-BF4B-00C04F79EFBC}") = "APIWeaver.Demo.GeneratedClient", "demo\APIWeaver.Demo.GeneratedClient\APIWeaver.Demo.GeneratedClient.csproj", "{F5148B3B-22CF-4680-A14A-DA7B5DCF3A3D}"
	ProjectSection(ProjectDependencies) = postProject
		{CED28A60-261E-4E23-8066-0F4166712451} = {CED28A60-261E-4E23-8066-0F4166712451}
	EndProjectSection
EndProject
Global
	GlobalSection(SolutionConfigurationPlatforms) = preSolution
		Debug|Any CPU = Debug|Any CPU
		Release|Any CPU = Release|Any CPU
	EndGlobalSection
	GlobalSection(SolutionProperties) = preSolution
		HideSolutionNode = FALSE
	EndGlobalSection
	GlobalSection(NestedProjects) = preSolution
		{6688140D-3DBB-422E-B199-4F1FCAB00059} = {BBD49ECA-CB62-4820-B425-296EFCFE7EC2}
		{DDE3C770-5DDB-4650-8B68-D753730D3B1B} = {9C8C12F5-F67A-4319-94FC-281A1EEFF1B4}
		{CED28A60-261E-4E23-8066-0F4166712451} = {BBD49ECA-CB62-4820-B425-296EFCFE7EC2}
		{D77BB546-2BDC-4FB1-96C7-8997F82DBF0E} = {CC045423-814B-40D9-B087-5AC3C8848B09}
		{F141B23F-63A9-48E6-A450-965FF1E08F0D} = {CC045423-814B-40D9-B087-5AC3C8848B09}
		{D2027918-2870-4149-83E5-DC99839C6E62} = {BBD49ECA-CB62-4820-B425-296EFCFE7EC2}
		{6CF594A7-8617-4A8B-94E6-DED02025824B} = {9C8C12F5-F67A-4319-94FC-281A1EEFF1B4}
		{25D32F58-BAF2-48C9-B17A-541ABF56E4BA} = {DDE3C770-5DDB-4650-8B68-D753730D3B1B}
		{4FF67A69-0659-4E9B-B90B-18B1E1AAA133} = {CC045423-814B-40D9-B087-5AC3C8848B09}
		{E4DA3E4B-FD88-4D82-AD9B-CF11BCF30431} = {CC045423-814B-40D9-B087-5AC3C8848B09}
		{F5148B3B-22CF-4680-A14A-DA7B5DCF3A3D} = {BBD49ECA-CB62-4820-B425-296EFCFE7EC2}
	EndGlobalSection
	GlobalSection(ProjectConfigurationPlatforms) = postSolution
		{6688140D-3DBB-422E-B199-4F1FCAB00059}.Debug|Any CPU.ActiveCfg = Debug|Any CPU
		{6688140D-3DBB-422E-B199-4F1FCAB00059}.Debug|Any CPU.Build.0 = Debug|Any CPU
		{6688140D-3DBB-422E-B199-4F1FCAB00059}.Release|Any CPU.ActiveCfg = Release|Any CPU
		{6688140D-3DBB-422E-B199-4F1FCAB00059}.Release|Any CPU.Build.0 = Release|Any CPU
		{CED28A60-261E-4E23-8066-0F4166712451}.Debug|Any CPU.ActiveCfg = Debug|Any CPU
		{CED28A60-261E-4E23-8066-0F4166712451}.Debug|Any CPU.Build.0 = Debug|Any CPU
		{CED28A60-261E-4E23-8066-0F4166712451}.Release|Any CPU.ActiveCfg = Release|Any CPU
		{CED28A60-261E-4E23-8066-0F4166712451}.Release|Any CPU.Build.0 = Release|Any CPU
		{D77BB546-2BDC-4FB1-96C7-8997F82DBF0E}.Debug|Any CPU.ActiveCfg = Debug|Any CPU
		{D77BB546-2BDC-4FB1-96C7-8997F82DBF0E}.Debug|Any CPU.Build.0 = Debug|Any CPU
		{D77BB546-2BDC-4FB1-96C7-8997F82DBF0E}.Release|Any CPU.ActiveCfg = Release|Any CPU
		{D77BB546-2BDC-4FB1-96C7-8997F82DBF0E}.Release|Any CPU.Build.0 = Release|Any CPU
		{F141B23F-63A9-48E6-A450-965FF1E08F0D}.Debug|Any CPU.ActiveCfg = Debug|Any CPU
		{F141B23F-63A9-48E6-A450-965FF1E08F0D}.Debug|Any CPU.Build.0 = Debug|Any CPU
		{F141B23F-63A9-48E6-A450-965FF1E08F0D}.Release|Any CPU.ActiveCfg = Release|Any CPU
		{F141B23F-63A9-48E6-A450-965FF1E08F0D}.Release|Any CPU.Build.0 = Release|Any CPU
		{D2027918-2870-4149-83E5-DC99839C6E62}.Debug|Any CPU.ActiveCfg = Debug|Any CPU
		{D2027918-2870-4149-83E5-DC99839C6E62}.Debug|Any CPU.Build.0 = Debug|Any CPU
		{D2027918-2870-4149-83E5-DC99839C6E62}.Release|Any CPU.ActiveCfg = Release|Any CPU
		{D2027918-2870-4149-83E5-DC99839C6E62}.Release|Any CPU.Build.0 = Release|Any CPU
		{6CF594A7-8617-4A8B-94E6-DED02025824B}.Debug|Any CPU.ActiveCfg = Debug|Any CPU
		{6CF594A7-8617-4A8B-94E6-DED02025824B}.Debug|Any CPU.Build.0 = Debug|Any CPU
		{6CF594A7-8617-4A8B-94E6-DED02025824B}.Release|Any CPU.ActiveCfg = Release|Any CPU
		{6CF594A7-8617-4A8B-94E6-DED02025824B}.Release|Any CPU.Build.0 = Release|Any CPU
		{25D32F58-BAF2-48C9-B17A-541ABF56E4BA}.Debug|Any CPU.ActiveCfg = Debug|Any CPU
		{25D32F58-BAF2-48C9-B17A-541ABF56E4BA}.Debug|Any CPU.Build.0 = Debug|Any CPU
		{25D32F58-BAF2-48C9-B17A-541ABF56E4BA}.Release|Any CPU.ActiveCfg = Release|Any CPU
		{25D32F58-BAF2-48C9-B17A-541ABF56E4BA}.Release|Any CPU.Build.0 = Release|Any CPU
		{4FF67A69-0659-4E9B-B90B-18B1E1AAA133}.Debug|Any CPU.ActiveCfg = Debug|Any CPU
		{4FF67A69-0659-4E9B-B90B-18B1E1AAA133}.Debug|Any CPU.Build.0 = Debug|Any CPU
		{4FF67A69-0659-4E9B-B90B-18B1E1AAA133}.Release|Any CPU.ActiveCfg = Release|Any CPU
		{4FF67A69-0659-4E9B-B90B-18B1E1AAA133}.Release|Any CPU.Build.0 = Release|Any CPU
		{E4DA3E4B-FD88-4D82-AD9B-CF11BCF30431}.Debug|Any CPU.ActiveCfg = Debug|Any CPU
		{E4DA3E4B-FD88-4D82-AD9B-CF11BCF30431}.Debug|Any CPU.Build.0 = Debug|Any CPU
		{E4DA3E4B-FD88-4D82-AD9B-CF11BCF30431}.Release|Any CPU.ActiveCfg = Release|Any CPU
		{E4DA3E4B-FD88-4D82-AD9B-CF11BCF30431}.Release|Any CPU.Build.0 = Release|Any CPU
		{F5148B3B-22CF-4680-A14A-DA7B5DCF3A3D}.Debug|Any CPU.ActiveCfg = Debug|Any CPU
		{F5148B3B-22CF-4680-A14A-DA7B5DCF3A3D}.Debug|Any CPU.Build.0 = Debug|Any CPU
		{F5148B3B-22CF-4680-A14A-DA7B5DCF3A3D}.Release|Any CPU.ActiveCfg = Release|Any CPU
		{F5148B3B-22CF-4680-A14A-DA7B5DCF3A3D}.Release|Any CPU.Build.0 = Release|Any CPU
	EndGlobalSection
EndGlobal
