{
  "name": "APIWeaver.Swagger",
  "lockfileVersion": 3,
  "requires": true,
  "packages": {
    "": {
      "dependencies": {
        "swagger-ui-dist": "5.11.8"
      }
    },
    "node_modules/swagger-ui-dist": {
      "version": "5.11.8",
      "resolved": "https://registry.npmjs.org/swagger-ui-dist/-/swagger-ui-dist-5.11.8.tgz",
      "integrity": "sha512-IfPtCPdf6opT5HXrzHO4kjL1eco0/8xJCtcs7ilhKuzatrpF2j9s+3QbOag6G3mVFKf+g+Ca5UG9DquVUs2obA=="
    }
  }
}
