{
  "name": "APIWeaver.Swagger",
  "lockfileVersion": 3,
  "requires": true,
  "packages": {
    "": {
      "dependencies": {
        "swagger-ui-dist": "5.13.0"
      }
    },
    "node_modules/swagger-ui-dist": {
      "version": "5.13.0",
      "resolved": "https://registry.npmjs.org/swagger-ui-dist/-/swagger-ui-dist-5.13.0.tgz",
      "integrity": "sha512-uaWhh6j18IIs5tOX0arvIBnVINAzpTXaQXkr7qAk8zoupegJVg0UU/5+S/FgsgVCnzVsJ9d7QLjIxkswEeTg0Q=="
    }
  }
}
