{
  "name": "APIWeaver.Swagger",
  "lockfileVersion": 3,
  "requires": true,
  "packages": {
    "": {
      "dependencies": {
        "swagger-ui-dist": "5.11.10"
      }
    },
    "node_modules/swagger-ui-dist": {
      "version": "5.11.10",
      "resolved": "https://registry.npmjs.org/swagger-ui-dist/-/swagger-ui-dist-5.11.10.tgz",
      "integrity": "sha512-wAHf32iFqJCBkdQRBYB1pR8kJuliJbgCXcdgkU7GkDvrOfD2gVmyEwdTi9rERCur/OrufifnH5UecOzlQ07CYg=="
    }
  }
}
